
Microsoft Visual Studio Solution File, Format Version 12.00
# Visual Studio Version 16
VisualStudioVersion = 16.0.30804.86
MinimumVisualStudioVersion = 10.0.40219.1
Project("{FAE04EC0-301F-11D3-BF4B-00C04F79EFBC}") = "Coursework.Android", "Coursework\Coursework.Android\Coursework.Android.csproj", "{D294DDFC-084B-4DF7-A959-B109A89F22C5}"
EndProject
Project("{FAE04EC0-301F-11D3-BF4B-00C04F79EFBC}") = "Coursework.iOS", "Coursework\Coursework.iOS\Coursework.iOS.csproj", "{69466C73-550F-4338-8319-72855313C969}"
EndProject
Project("{FAE04EC0-301F-11D3-BF4B-00C04F79EFBC}") = "Coursework", "Coursework\Coursework\Coursework.csproj", "{8B41B5F8-4C04-4BBF-B8DF-5247FD5FB068}"
EndProject
Global
	GlobalSection(SolutionConfigurationPlatforms) = preSolution
		Debug|Any CPU = Debug|Any CPU
		Debug|iPhone = Debug|iPhone
		Debug|iPhoneSimulator = Debug|iPhoneSimulator
		Release|Any CPU = Release|Any CPU
		Release|iPhone = Release|iPhone
		Release|iPhoneSimulator = Release|iPhoneSimulator
	EndGlobalSection
	GlobalSection(ProjectConfigurationPlatforms) = postSolution
		{D294DDFC-084B-4DF7-A959-B109A89F22C5}.Debug|Any CPU.ActiveCfg = Debug|Any CPU
		{D294DDFC-084B-4DF7-A959-B109A89F22C5}.Debug|Any CPU.Build.0 = Debug|Any CPU
		{D294DDFC-084B-4DF7-A959-B109A89F22C5}.Debug|Any CPU.Deploy.0 = Debug|Any CPU
		{D294DDFC-084B-4DF7-A959-B109A89F22C5}.Debug|iPhone.ActiveCfg = Debug|Any CPU
		{D294DDFC-084B-4DF7-A959-B109A89F22C5}.Debug|iPhone.Build.0 = Debug|Any CPU
		{D294DDFC-084B-4DF7-A959-B109A89F22C5}.Debug|iPhone.Deploy.0 = Debug|Any CPU
		{D294DDFC-084B-4DF7-A959-B109A89F22C5}.Debug|iPhoneSimulator.ActiveCfg = Debug|Any CPU
		{D294DDFC-084B-4DF7-A959-B109A89F22C5}.Debug|iPhoneSimulator.Build.0 = Debug|Any CPU
		{D294DDFC-084B-4DF7-A959-B109A89F22C5}.Debug|iPhoneSimulator.Deploy.0 = Debug|Any CPU
		{D294DDFC-084B-4DF7-A959-B109A89F22C5}.Release|Any CPU.ActiveCfg = Release|Any CPU
		{D294DDFC-084B-4DF7-A959-B109A89F22C5}.Release|Any CPU.Build.0 = Release|Any CPU
		{D294DDFC-084B-4DF7-A959-B109A89F22C5}.Release|Any CPU.Deploy.0 = Release|Any CPU
		{D294DDFC-084B-4DF7-A959-B109A89F22C5}.Release|iPhone.ActiveCfg = Release|Any CPU
		{D294DDFC-084B-4DF7-A959-B109A89F22C5}.Release|iPhone.Build.0 = Release|Any CPU
		{D294DDFC-084B-4DF7-A959-B109A89F22C5}.Release|iPhone.Deploy.0 = Release|Any CPU
		{D294DDFC-084B-4DF7-A959-B109A89F22C5}.Release|iPhoneSimulator.ActiveCfg = Release|Any CPU
		{D294DDFC-084B-4DF7-A959-B109A89F22C5}.Release|iPhoneSimulator.Build.0 = Release|Any CPU
		{D294DDFC-084B-4DF7-A959-B109A89F22C5}.Release|iPhoneSimulator.Deploy.0 = Release|Any CPU
		{69466C73-550F-4338-8319-72855313C969}.Debug|Any CPU.ActiveCfg = Debug|iPhone
		{69466C73-550F-4338-8319-72855313C969}.Debug|Any CPU.Build.0 = Debug|iPhone
		{69466C73-550F-4338-8319-72855313C969}.Debug|Any CPU.Deploy.0 = Debug|iPhone
		{69466C73-550F-4338-8319-72855313C969}.Debug|iPhone.ActiveCfg = Debug|iPhone
		{69466C73-550F-4338-8319-72855313C969}.Debug|iPhone.Build.0 = Debug|iPhone
		{69466C73-550F-4338-8319-72855313C969}.Debug|iPhone.Deploy.0 = Debug|iPhone
		{69466C73-550F-4338-8319-72855313C969}.Debug|iPhoneSimulator.ActiveCfg = Debug|iPhoneSimulator
		{69466C73-550F-4338-8319-72855313C969}.Debug|iPhoneSimulator.Build.0 = Debug|iPhoneSimulator
		{69466C73-550F-4338-8319-72855313C969}.Debug|iPhoneSimulator.Deploy.0 = Debug|iPhoneSimulator
		{69466C73-550F-4338-8319-72855313C969}.Release|Any CPU.ActiveCfg = Release|iPhoneSimulator
		{69466C73-550F-4338-8319-72855313C969}.Release|Any CPU.Build.0 = Release|iPhoneSimulator
		{69466C73-550F-4338-8319-72855313C969}.Release|Any CPU.Deploy.0 = Release|iPhoneSimulator
		{69466C73-550F-4338-8319-72855313C969}.Release|iPhone.ActiveCfg = Release|iPhone
		{69466C73-550F-4338-8319-72855313C969}.Release|iPhone.Build.0 = Release|iPhone
		{69466C73-550F-4338-8319-72855313C969}.Release|iPhone.Deploy.0 = Release|iPhone
		{69466C73-550F-4338-8319-72855313C969}.Release|iPhoneSimulator.ActiveCfg = Release|iPhoneSimulator
		{69466C73-550F-4338-8319-72855313C969}.Release|iPhoneSimulator.Build.0 = Release|iPhoneSimulator
		{69466C73-550F-4338-8319-72855313C969}.Release|iPhoneSimulator.Deploy.0 = Release|iPhoneSimulator
		{8B41B5F8-4C04-4BBF-B8DF-5247FD5FB068}.Debug|Any CPU.ActiveCfg = Debug|Any CPU
		{8B41B5F8-4C04-4BBF-B8DF-5247FD5FB068}.Debug|Any CPU.Build.0 = Debug|Any CPU
		{8B41B5F8-4C04-4BBF-B8DF-5247FD5FB068}.Debug|Any CPU.Deploy.0 = Debug|Any CPU
		{8B41B5F8-4C04-4BBF-B8DF-5247FD5FB068}.Debug|iPhone.ActiveCfg = Debug|Any CPU
		{8B41B5F8-4C04-4BBF-B8DF-5247FD5FB068}.Debug|iPhone.Build.0 = Debug|Any CPU
		{8B41B5F8-4C04-4BBF-B8DF-5247FD5FB068}.Debug|iPhone.Deploy.0 = Debug|Any CPU
		{8B41B5F8-4C04-4BBF-B8DF-5247FD5FB068}.Debug|iPhoneSimulator.ActiveCfg = Debug|Any CPU
		{8B41B5F8-4C04-4BBF-B8DF-5247FD5FB068}.Debug|iPhoneSimulator.Build.0 = Debug|Any CPU
		{8B41B5F8-4C04-4BBF-B8DF-5247FD5FB068}.Debug|iPhoneSimulator.Deploy.0 = Debug|Any CPU
		{8B41B5F8-4C04-4BBF-B8DF-5247FD5FB068}.Release|Any CPU.ActiveCfg = Release|Any CPU
		{8B41B5F8-4C04-4BBF-B8DF-5247FD5FB068}.Release|Any CPU.Build.0 = Release|Any CPU
		{8B41B5F8-4C04-4BBF-B8DF-5247FD5FB068}.Release|Any CPU.Deploy.0 = Release|Any CPU
		{8B41B5F8-4C04-4BBF-B8DF-5247FD5FB068}.Release|iPhone.ActiveCfg = Release|Any CPU
		{8B41B5F8-4C04-4BBF-B8DF-5247FD5FB068}.Release|iPhone.Build.0 = Release|Any CPU
		{8B41B5F8-4C04-4BBF-B8DF-5247FD5FB068}.Release|iPhone.Deploy.0 = Release|Any CPU
		{8B41B5F8-4C04-4BBF-B8DF-5247FD5FB068}.Release|iPhoneSimulator.ActiveCfg = Release|Any CPU
		{8B41B5F8-4C04-4BBF-B8DF-5247FD5FB068}.Release|iPhoneSimulator.Build.0 = Release|Any CPU
		{8B41B5F8-4C04-4BBF-B8DF-5247FD5FB068}.Release|iPhoneSimulator.Deploy.0 = Release|Any CPU
	EndGlobalSection
	GlobalSection(SolutionProperties) = preSolution
		HideSolutionNode = FALSE
	EndGlobalSection
	GlobalSection(ExtensibilityGlobals) = postSolution
		SolutionGuid = {ACAFEBB7-45BA-4754-8771-042170FB6DCB}
	EndGlobalSection
EndGlobal
